
Microsoft Visual Studio Solution File, Format Version 12.00
# Visual Studio Version 16
VisualStudioVersion = 16.0.34407.143
MinimumVisualStudioVersion = 10.0.40219.1
Project("{FAE04EC0-301F-11D3-BF4B-00C04F79EFBC}") = "Mvc_Bootsrap_Codefirst", "Mvc_Bootsrap_Codefirst\Mvc_Bootsrap_Codefirst.csproj", "{70B3F3B0-AA31-4607-83C1-5F548087E45D}"
EndProject
Global
	GlobalSection(SolutionConfigurationPlatforms) = preSolution
		Debug|Any CPU = Debug|Any CPU
		Release|Any CPU = Release|Any CPU
	EndGlobalSection
	GlobalSection(ProjectConfigurationPlatforms) = postSolution
		{70B3F3B0-AA31-4607-83C1-5F548087E45D}.Debug|Any CPU.ActiveCfg = Debug|Any CPU
		{70B3F3B0-AA31-4607-83C1-5F548087E45D}.Debug|Any CPU.Build.0 = Debug|Any CPU
		{70B3F3B0-AA31-4607-83C1-5F548087E45D}.Release|Any CPU.ActiveCfg = Release|Any CPU
		{70B3F3B0-AA31-4607-83C1-5F548087E45D}.Release|Any CPU.Build.0 = Release|Any CPU
	EndGlobalSection
	GlobalSection(SolutionProperties) = preSolution
		HideSolutionNode = FALSE
	EndGlobalSection
	GlobalSection(ExtensibilityGlobals) = postSolution
		SolutionGuid = {B9602BC6-7BE7-4039-B500-A781208F1053}
	EndGlobalSection
EndGlobal
